<?xml version="1.0" encoding="utf-8"?>
<Project ToolsVersion="4.0" xmlns="http://schemas.microsoft.com/developer/msbuild/2003">
  <ItemGroup>
    <Filter Include="Header Files">
      <UniqueIdentifier>{93995380-89BD-4b04-88EB-625FBE52EBFB}</UniqueIdentifier>
      <Extensions>h;hpp;hxx;hm;inl;inc;xsd</Extensions>
    </Filter>
    <Filter Include="Source Files">
      <UniqueIdentifier>{4FC737F1-C7A5-4376-A066-2A32D752A2FF}</UniqueIdentifier>
      <Extensions>cpp;c;cc;cxx;def;odl;idl;hpj;bat;asm;asmx</Extensions>
    </Filter>
    <Filter Include="Resource Files">
      <UniqueIdentifier>{67DA6AB6-F800-4c08-8B7A-83BB121AAD01}</UniqueIdentifier>
      <Extensions>rc;ico;cur;bmp;dlg;rc2;rct;bin;rgs;gif;jpg;jpeg;jpe;resx;tiff;tif;png;wav;mfcribbon-ms</Extensions>
    </Filter>
    <Filter Include="Header Files\input">
      <UniqueIdentifier>{607600a6-a5cf-4446-9354-0564ea8995fe}</UniqueIdentifier>
      <Extensions>h;hpp;hxx;hm;inl;inc;xsd</Extensions>
    </Filter>
    <Filter Include="Header Files\model">
      <UniqueIdentifier>{940c72ea-143c-479b-ac67-ebabe6a64476}</UniqueIdentifier>
    </Filter>
    <Filter Include="Header Files\scene">
      <UniqueIdentifier>{81a18402-c6c6-4fd5-9998-c7a959bcc961}</UniqueIdentifier>
      <Extensions>h;hpp;hxx;hm;inl;inc;xsd</Extensions>
    </Filter>
    <Filter Include="Header Files\render">
      <UniqueIdentifier>{f91cef23-1f53-4fdc-b530-f401285e5df1}</UniqueIdentifier>
      <Extensions>h;hpp;hxx;hm;inl;inc;xsd</Extensions>
    </Filter>
    <Filter Include="Header Files\time">
      <UniqueIdentifier>{44efc94e-5a03-4b5c-b5b3-91b32669b844}</UniqueIdentifier>
      <Extensions>h;hpp;hxx;hm;inl;inc;xsd</Extensions>
    </Filter>
    <Filter Include="Header Files\win32">
      <UniqueIdentifier>{74b636d9-61f5-42a9-a323-418ab328ab92}</UniqueIdentifier>
      <Extensions>h;hpp;hxx;hm;inl;inc;xsd</Extensions>
    </Filter>
    <Filter Include="Source Files\input">
      <UniqueIdentifier>{718e3847-4fdf-48ae-aad5-e906b9828cdd}</UniqueIdentifier>
      <Extensions>cpp;c;cc;cxx;def;odl;idl;hpj;bat;asm;asmx</Extensions>
    </Filter>
    <Filter Include="Source Files\model">
      <UniqueIdentifier>{349e4675-7ba9-434b-84b9-d364c7ffd29d}</UniqueIdentifier>
      <Extensions>cpp;c;cc;cxx;def;odl;idl;hpj;bat;asm;asmx</Extensions>
    </Filter>
    <Filter Include="Source Files\render">
      <UniqueIdentifier>{853d775c-fa7c-420a-8e1d-a706c2bd7d6f}</UniqueIdentifier>
      <Extensions>cpp;c;cc;cxx;def;odl;idl;hpj;bat;asm;asmx</Extensions>
    </Filter>
    <Filter Include="Source Files\scene">
      <UniqueIdentifier>{d0d8a732-649f-40cc-b10b-e37cd23bcfe0}</UniqueIdentifier>
      <Extensions>cpp;c;cc;cxx;def;odl;idl;hpj;bat;asm;asmx</Extensions>
    </Filter>
    <Filter Include="Source Files\time">
      <UniqueIdentifier>{c6ade8a4-883d-43d6-8ae0-31ab0fe45283}</UniqueIdentifier>
      <Extensions>cpp;c;cc;cxx;def;odl;idl;hpj;bat;asm;asmx</Extensions>
    </Filter>
    <Filter Include="Source Files\win32">
      <UniqueIdentifier>{565e5e22-ee42-4569-8fc2-d3adb7a6b8a4}</UniqueIdentifier>
      <Extensions>cpp;c;cc;cxx;def;odl;idl;hpj;bat;asm;asmx</Extensions>
    </Filter>
  </ItemGroup>
  <ItemGroup>
    <ClInclude Include="$(src)\logger.h">
      <Filter>Header Files</Filter>
    </ClInclude>
    <ClInclude Include="$(src)\math3.h">
      <Filter>Header Files</Filter>
    </ClInclude>
    <ClInclude Include="$(src)\engine.h">
      <Filter>Header Files</Filter>
    </ClInclude>
    <ClInclude Include="$(src)\misc.h">
      <Filter>Header Files</Filter>
    </ClInclude>
    <ClInclude Include="resource.h">
      <Filter>Resource Files</Filter>
    </ClInclude>
    <ClInclude Include="$(src)\precompiled.h">
      <Filter>Header Files</Filter>
    </ClInclude>
    <ClInclude Include="$(src)\subsystem.h">
      <Filter>Header Files</Filter>
    </ClInclude>
    <ClInclude Include="$(src)\platform.h">
      <Filter>Header Files</Filter>
    </ClInclude>
    <ClInclude Include="$(src)\scene\camera.h">
      <Filter>Header Files\scene</Filter>
    </ClInclude>
    <ClInclude Include="$(src)\input\input_device.h">
      <Filter>Header Files\input</Filter>
    </ClInclude>
    <ClInclude Include="$(src)\input\input_system.h">
      <Filter>Header Files\input</Filter>
    </ClInclude>
    <ClInclude Include="$(src)\model\mesh.h">
      <Filter>Header Files\model</Filter>
    </ClInclude>
    <ClInclude Include="$(src)\render\render_buffers.h">
      <Filter>Header Files\render</Filter>
    </ClInclude>
    <ClInclude Include="$(src)\render\render_primitive.h">
      <Filter>Header Files\render</Filter>
    </ClInclude>
    <ClInclude Include="$(src)\render\render_queue.h">
      <Filter>Header Files\render</Filter>
    </ClInclude>
    <ClInclude Include="$(src)\render\render_system.h">
      <Filter>Header Files\render</Filter>
    </ClInclude>
    <ClInclude Include="$(src)\render\render_window.h">
      <Filter>Header Files\render</Filter>
    </ClInclude>
    <ClInclude Include="$(src)\time\time_system.h">
      <Filter>Header Files\time</Filter>
    </ClInclude>
    <ClInclude Include="$(src)\scene\viewport.h">
      <Filter>Header Files\scene</Filter>
    </ClInclude>
    <ClInclude Include="$(src)\win32\win32_app.h">
      <Filter>Header Files\win32</Filter>
    </ClInclude>
    <ClInclude Include="$(src)\win32\input\win32_input_device.h">
      <Filter>Header Files\win32</Filter>
    </ClInclude>
    <ClInclude Include="$(src)\win32\render\win32_window.h">
      <Filter>Header Files\win32</Filter>
    </ClInclude>
    <ClInclude Include="$(src)\render\software_device.h">
      <Filter>Header Files\render</Filter>
    </ClInclude>
    <ClInclude Include="$(src)\render\software_buffers.h">
      <Filter>Header Files\render</Filter>
    </ClInclude>
    <ClInclude Include="$(src)\win32\render\win32_software_device.h">
      <Filter>Header Files\win32</Filter>
    </ClInclude>
  </ItemGroup>
  <ItemGroup>
    <ClCompile Include="stdafx.cpp">
      <Filter>Source Files</Filter>
    </ClCompile>
    <ClCompile Include="$(src)\main.cpp">
      <Filter>Source Files</Filter>
    </ClCompile>
    <ClCompile Include="$(src)\engine.cpp">
      <Filter>Source Files</Filter>
    </ClCompile>
    <ClCompile Include="$(src)\win32\win32_app.cpp">
      <Filter>Source Files\win32</Filter>
    </ClCompile>
    <ClCompile Include="$(src)\input\input_system.cpp">
      <Filter>Source Files\input</Filter>
    </ClCompile>
    <ClCompile Include="$(src)\render\render_buffers.cpp">
      <Filter>Source Files\render</Filter>
    </ClCompile>
    <ClCompile Include="$(src)\render\render_queue.cpp">
      <Filter>Source Files\render</Filter>
    </ClCompile>
    <ClCompile Include="$(src)\render\render_system.cpp">
      <Filter>Source Files\render</Filter>
    </ClCompile>
    <ClCompile Include="$(src)\render\software_device.cpp">
      <Filter>Source Files\render</Filter>
    </ClCompile>
    <ClCompile Include="$(src)\scene\camera.cpp">
      <Filter>Source Files\scene</Filter>
    </ClCompile>
    <ClCompile Include="$(src)\scene\viewport.cpp">
      <Filter>Source Files\scene</Filter>
    </ClCompile>
    <ClCompile Include="$(src)\time\time_system.cpp">
      <Filter>Source Files\time</Filter>
    </ClCompile>
    <ClCompile Include="$(src)\win32\input\win32_input_device.cpp">
      <Filter>Source Files\win32</Filter>
    </ClCompile>
    <ClCompile Include="$(src)\win32\render\win32_software_device.cpp">
      <Filter>Source Files\win32</Filter>
    </ClCompile>
    <ClCompile Include="$(src)\win32\render\win32_window.cpp">
      <Filter>Source Files\win32</Filter>
    </ClCompile>
    <ClCompile Include="$(src)\model\mesh.cpp">
      <Filter>Source Files\model</Filter>
    </ClCompile>
  </ItemGroup>
  <ItemGroup>
    <ResourceCompile Include="qkamber.rc">
      <Filter>Resource Files</Filter>
    </ResourceCompile>
  </ItemGroup>
  <ItemGroup>
    <Image Include="qkamber.ico">
      <Filter>Resource Files</Filter>
    </Image>
  </ItemGroup>
</Project>
