<?xml version="1.0" encoding="utf-8"?>
<Project ToolsVersion="4.0" xmlns="http://schemas.microsoft.com/developer/msbuild/2003">
  <ItemGroup>
    <Filter Include="Header Files">
      <UniqueIdentifier>{93995380-89BD-4b04-88EB-625FBE52EBFB}</UniqueIdentifier>
      <Extensions>h;hpp;hxx;hm;inl;inc;xsd</Extensions>
    </Filter>
    <Filter Include="Header Files\win32">
      <UniqueIdentifier>{de239a83-a0f6-4c26-98bf-6b13f8f41291}</UniqueIdentifier>
      <Extensions>h;hpp;hxx;hm;inl;inc;xsd</Extensions>
    </Filter>
    <Filter Include="Header Files\software">
      <UniqueIdentifier>{bcbd0ecb-dda0-45ae-8922-01d180348b1b}</UniqueIdentifier>
      <Extensions>h;hpp;hxx;hm;inl;inc;xsd</Extensions>
    </Filter>
    <Filter Include="Source Files">
      <UniqueIdentifier>{4FC737F1-C7A5-4376-A066-2A32D752A2FF}</UniqueIdentifier>
      <Extensions>cpp;c;cc;cxx;def;odl;idl;hpj;bat;asm;asmx</Extensions>
    </Filter>
    <Filter Include="Source Files\win32">
      <UniqueIdentifier>{d5c2a5cb-024f-4442-85db-838eb5c5df26}</UniqueIdentifier>
      <Extensions>cpp;c;cc;cxx;def;odl;idl;hpj;bat;asm;asmx</Extensions>
    </Filter>
    <Filter Include="Source Files\software">
      <UniqueIdentifier>{565e5e22-ee42-4569-8fc2-d3adb7a6b8a4}</UniqueIdentifier>
      <Extensions>cpp;c;cc;cxx;def;odl;idl;hpj;bat;asm;asmx</Extensions>
    </Filter>
    <Filter Include="Resource Files">
      <UniqueIdentifier>{67DA6AB6-F800-4c08-8B7A-83BB121AAD01}</UniqueIdentifier>
      <Extensions>rc;ico;cur;bmp;dlg;rc2;rct;bin;rgs;gif;jpg;jpeg;jpe;resx;tiff;tif;png;wav;mfcribbon-ms</Extensions>
    </Filter>
  </ItemGroup>
  <ItemGroup>
    <ClInclude Include="stdafx.h">
      <Filter>Header Files</Filter>
    </ClInclude>
    <ClInclude Include="$(src)\logger.h">
      <Filter>Header Files</Filter>
    </ClInclude>
    <ClInclude Include="$(src)\renderer.h">
      <Filter>Header Files</Filter>
    </ClInclude>
    <ClInclude Include="$(src)\timer.h">
      <Filter>Header Files</Filter>
    </ClInclude>
    <ClInclude Include="$(src)\win32\win32_window.h">
      <Filter>Header Files\win32</Filter>
    </ClInclude>
    <ClInclude Include="$(src)\window.h">
      <Filter>Header Files</Filter>
    </ClInclude>
    <ClInclude Include="$(src)\math3.h">
      <Filter>Header Files</Filter>
    </ClInclude>
    <ClInclude Include="$(src)\mesh.h">
      <Filter>Header Files</Filter>
    </ClInclude>
    <ClInclude Include="$(src)\render_primitive.h">
      <Filter>Header Files</Filter>
    </ClInclude>
    <ClInclude Include="$(src)\render_buffers.h">
      <Filter>Header Files</Filter>
    </ClInclude>
    <ClInclude Include="$(src)\app.h">
      <Filter>Header Files</Filter>
    </ClInclude>
    <ClInclude Include="$(src)\engine.h">
      <Filter>Header Files</Filter>
    </ClInclude>
    <ClInclude Include="$(src)\camera.h">
      <Filter>Header Files</Filter>
    </ClInclude>
    <ClInclude Include="$(src)\viewport.h">
      <Filter>Header Files</Filter>
    </ClInclude>
    <ClInclude Include="$(src)\render_queue.h">
      <Filter>Header Files</Filter>
    </ClInclude>
    <ClInclude Include="$(src)\misc.h">
      <Filter>Header Files</Filter>
    </ClInclude>
    <ClInclude Include="$(src)\software\software_buffers.h">
      <Filter>Header Files\software</Filter>
    </ClInclude>
    <ClInclude Include="$(src)\software\software_device.h">
      <Filter>Header Files\software</Filter>
    </ClInclude>
    <ClInclude Include="$(src)\win32\win32_software_device.h">
      <Filter>Header Files\win32</Filter>
    </ClInclude>
    <ClInclude Include="resource.h">
      <Filter>Resource Files</Filter>
    </ClInclude>
    <ClInclude Include="$(src)\input_system.h">
      <Filter>Header Files</Filter>
    </ClInclude>
    <ClInclude Include="$(src)\win32\win32_input_system.h">
      <Filter>Header Files\win32</Filter>
    </ClInclude>
  </ItemGroup>
  <ItemGroup>
    <ClCompile Include="stdafx.cpp">
      <Filter>Source Files</Filter>
    </ClCompile>
    <ClCompile Include="$(src)\main.cpp">
      <Filter>Source Files</Filter>
    </ClCompile>
    <ClCompile Include="$(src)\renderer.cpp">
      <Filter>Source Files</Filter>
    </ClCompile>
    <ClCompile Include="$(src)\timer.cpp">
      <Filter>Source Files</Filter>
    </ClCompile>
    <ClCompile Include="$(src)\win32\win32_window.cpp">
      <Filter>Source Files\win32</Filter>
    </ClCompile>
    <ClCompile Include="$(src)\window.cpp">
      <Filter>Source Files</Filter>
    </ClCompile>
    <ClCompile Include="$(src)\mesh.cpp">
      <Filter>Source Files</Filter>
    </ClCompile>
    <ClCompile Include="$(src)\render_buffers.cpp">
      <Filter>Source Files</Filter>
    </ClCompile>
    <ClCompile Include="$(src)\engine.cpp">
      <Filter>Source Files</Filter>
    </ClCompile>
    <ClCompile Include="$(src)\camera.cpp">
      <Filter>Source Files</Filter>
    </ClCompile>
    <ClCompile Include="$(src)\viewport.cpp">
      <Filter>Source Files</Filter>
    </ClCompile>
    <ClCompile Include="$(src)\render_queue.cpp">
      <Filter>Source Files</Filter>
    </ClCompile>
    <ClCompile Include="$(src)\software\software_device.cpp">
      <Filter>Source Files\software</Filter>
    </ClCompile>
    <ClCompile Include="$(src)\win32\win32_software_device.cpp">
      <Filter>Source Files\win32</Filter>
    </ClCompile>
    <ClCompile Include="$(src)\win32\win32_input_system.cpp">
      <Filter>Source Files\win32</Filter>
    </ClCompile>
    <ClCompile Include="$(src)\input_device.cpp">
      <Filter>Source Files</Filter>
    </ClCompile>
  </ItemGroup>
  <ItemGroup>
    <ResourceCompile Include="renderer.rc">
      <Filter>Resource Files</Filter>
    </ResourceCompile>
  </ItemGroup>
  <ItemGroup>
    <Image Include="renderer.ico">
      <Filter>Resource Files</Filter>
    </Image>
  </ItemGroup>
</Project>
